# This file is autogenerated, do not edit; changes may be undone by the next 'dep ensure'.


[[projects]]
  name = "github.com/gin-gonic/gin"
  packages = [
    ".",
    "binding",
    "render"
  ]
  revision = "4cc2de6207f4128624cbdd16be30f64966c67c08"

[[projects]]
  name = "github.com/heroku/x"
  packages = [
    "hmetrics",
    "hmetrics/onload"
  ]
  revision = "705849e307dd75c91728463dea5bfd08ef493e64"

[[projects]]
  branch = "master"
  name = "github.com/lib/pq"
  packages = [
    ".",
    "oid"
  ]
  revision = "90697d60dd844d5ef6ff15135d0203f65d2f53b8"

[[projects]]
  name = "github.com/manucorporat/sse"
  packages = ["."]
  revision = "c142f0f1baea5cef7f98a8a6c222f6134368c1f5"

[[projects]]
  name = "github.com/mattn/go-colorable"
  packages = ["."]
  revision = "40e4aedc8fabf8c23e040057540867186712faa5"

[[projects]]
  name = "github.com/mattn/go-isatty"
  packages = ["."]
  revision = "7fcbc72f853b92b5720db4a6b8482be612daef24"

[[projects]]
  name = "golang.org/x/net"
  packages = ["context"]
  revision = "d9558e5c97f85372afee28cf2b6059d7d3818919"

[[projects]]
  name = "gopkg.in/bluesuncorp/validator.v5"
  packages = ["."]
  revision = "d5acf1dac43705f8bfbb71d878e290e2bed3950b"
  version = "v5.12"

[solve-meta]
  analyzer-name = "dep"
  analyzer-version = 1
  inputs-digest = "3a1172e8eec84336e864bee77420e1b940ab0a8c748ce546a2be86ab064a4944"
  solver-name = "gps-cdcl"
  solver-version = 1
